PODS:
  - BitByteData (2.0.4)
  - DeviceKit (5.8.0)
  - Flutter (1.0.0)
  - middleware_flutter_opentelemetry (1.1.1):
    - Flutter
    - MiddlewareRum (~> 2.1)
  - MiddlewareRum (2.1.2):
    - DeviceKit (~> 5.4)
    - PLCrashReporter (~> 1.11)
    - Reachability (~> 3.7)
    - SWCompression (~> 4.8)
    - SwiftProtobuf (~> 1.27.0)
  - PLCrashReporter (1.12.0)
  - Reachability (3.7.7)
  - SWCompression (4.8.6):
    - BitByteData (~> 2.0)
    - SWCompression/BZip2 (= 4.8.6)
    - SWCompression/Deflate (= 4.8.6)
    - SWCompression/GZip (= 4.8.6)
    - SWCompression/LZ4 (= 4.8.6)
    - SWCompression/LZMA (= 4.8.6)
    - SWCompression/LZMA2 (= 4.8.6)
    - SWCompression/SevenZip (= 4.8.6)
    - SWCompression/TAR (= 4.8.6)
    - SWCompression/XZ (= 4.8.6)
    - SWCompression/ZIP (= 4.8.6)
    - SWCompression/Zlib (= 4.8.6)
  - SWCompression/BZip2 (4.8.6):
    - BitByteData (~> 2.0)
  - SWCompression/Deflate (4.8.6):
    - BitByteData (~> 2.0)
  - SWCompression/GZip (4.8.6):
    - BitByteData (~> 2.0)
    - SWCompression/Deflate
  - SWCompression/LZ4 (4.8.6):
    - BitByteData (~> 2.0)
  - SWCompression/LZMA (4.8.6):
    - BitByteData (~> 2.0)
  - SWCompression/LZMA2 (4.8.6):
    - BitByteData (~> 2.0)
    - SWCompression/LZMA
  - SWCompression/SevenZip (4.8.6):
    - BitByteData (~> 2.0)
    - SWCompression/LZMA2
  - SWCompression/TAR (4.8.6):
    - BitByteData (~> 2.0)
  - SWCompression/XZ (4.8.6):
    - BitByteData (~> 2.0)
    - SWCompression/LZMA2
  - SWCompression/ZIP (4.8.6):
    - BitByteData (~> 2.0)
    - SWCompression/Deflate
  - SWCompression/Zlib (4.8.6):
    - BitByteData (~> 2.0)
    - SWCompression/Deflate
  - SwiftProtobuf (1.27.1)

DEPENDENCIES:
  - Flutter (from `Flutter`)
  - middleware_flutter_opentelemetry (from `.symlinks/plugins/middleware_flutter_opentelemetry/ios`)

SPEC REPOS:
  trunk:
    - BitByteData
    - DeviceKit
    - MiddlewareRum
    - PLCrashReporter
    - Reachability
    - SWCompression
    - SwiftProtobuf

EXTERNAL SOURCES:
  Flutter:
    :path: Flutter
  middleware_flutter_opentelemetry:
    :path: ".symlinks/plugins/middleware_flutter_opentelemetry/ios"

SPEC CHECKSUMS:
  BitByteData: 2422ed269fcddc44976d97f171a183d25ef535ce
  DeviceKit: 57636054c827d171a22baa3fd320b65a70f3fda7
  Flutter: cabc95a1d2626b1b06e7179b784ebcf0c0cde467
  middleware_flutter_opentelemetry: 83e58fbd15bef297577351d11f26f491c6e72e75
  MiddlewareRum: 7b3d0f135cb82380bb096b4817f43a51a2f7dbb1
  PLCrashReporter: db59ef96fa3d25f3650040d02ec2798cffee75f2
  Reachability: 8bf74b755b2993968c344b465c13e602db2b1044
  SWCompression: 9379873ad5e9f25b31db88c441649b59a4c2bab7
  SwiftProtobuf: b109bd17979d7993a84da14b1e1fdd8b0ded934a

PODFILE CHECKSUM: 3c63482e143d1b91d2d2560aee9fb04ecc74ac7e

COCOAPODS: 1.17.0
